
Microsoft Visual Studio Solution File, Format Version 12.00
# Visual Studio Version 16
VisualStudioVersion = 16.0.30330.147
MinimumVisualStudioVersion = 10.0.40219.1
Project("{FAE04EC0-301F-11D3-BF4B-00C04F79EFBC}") = "ConsoleApp4", "ConsoleApp4.csproj", "{4E8E3A98-07DB-417D-A46B-8E41C3EA353C}"
EndProject
Global
	GlobalSection(SolutionConfigurationPlatforms) = preSolution
		Debug|Any CPU = Debug|Any CPU
		Release|Any CPU = Release|Any CPU
	EndGlobalSection
	GlobalSection(ProjectConfigurationPlatforms) = postSolution
		{4E8E3A98-07DB-417D-A46B-8E41C3EA353C}.Debug|Any CPU.ActiveCfg = Debug|Any CPU
		{4E8E3A98-07DB-417D-A46B-8E41C3EA353C}.Debug|Any CPU.Build.0 = Debug|Any CPU
		{4E8E3A98-07DB-417D-A46B-8E41C3EA353C}.Release|Any CPU.ActiveCfg = Release|Any CPU
		{4E8E3A98-07DB-417D-A46B-8E41C3EA353C}.Release|Any CPU.Build.0 = Release|Any CPU
	EndGlobalSection
	GlobalSection(SolutionProperties) = preSolution
		HideSolutionNode = FALSE
	EndGlobalSection
	GlobalSection(ExtensibilityGlobals) = postSolution
		SolutionGuid = {24DF1834-9CC6-414D-8475-8F6F414C7BE9}
	EndGlobalSection
EndGlobal
